{
  "nodes": {
    "nixpkgs": {
      "locked": {
        "lastModified": 1688495847,
        "narHash": "sha256-c5K78Sm0oNRT9aH8QBXdIusMtznvuJGFsJWbrdO0IZk=",
        "owner": "nixos",
        "repo": "nixpkgs",
        "rev": "dc1517e4b9e481e15bf7c80740a6a8a1423fe3ad",
        "type": "github"
      },
      "original": {
        "owner": "nixos",
        "ref": "release-23.05",
        "repo": "nixpkgs",
        "type": "github"
      }
    },
    "root": {
      "inputs": {
        "nixpkgs": "nixpkgs"
      }
    }
  },
  "root": "root",
  "version": 7
}
