{
  "nodes": {
    "nixpkgs": {
      "locked": {
        "lastModified": 1695857902,
        "narHash": "sha256-zBTlSQ1TMKdGjZCQk4KrVmDmosq3MQf98ichJ2sXBBE=",
        "owner": "nixos",
        "repo": "nixpkgs",
        "rev": "c9ac6ec01314e8ff2669bd723bfb98bb072723b4",
        "type": "github"
      },
      "original": {
        "owner": "nixos",
        "ref": "release-23.05",
        "repo": "nixpkgs",
        "type": "github"
      }
    },
    "root": {
      "inputs": {
        "nixpkgs": "nixpkgs"
      }
    }
  },
  "root": "root",
  "version": 7
}
